
Microsoft Visual Studio Solution File, Format Version 12.00
# Visual Studio 15
VisualStudioVersion = 15.0.28307.438
MinimumVisualStudioVersion = 10.0.40219.1
Project("{FAE04EC0-301F-11D3-BF4B-00C04F79EFBC}") = "TeduShop.Common", "TeduShop.Common\TeduShop.Common.csproj", "{F9E350FE-5BC2-4F1D-93EC-33E06E84311C}"
EndProject
Project("{FAE04EC0-301F-11D3-BF4B-00C04F79EFBC}") = "TeduShop.Data", "TeduShop.Data\TeduShop.Data.csproj", "{74BF8B00-3581-4431-A204-6DBFBF3BC48C}"
EndProject
Project("{FAE04EC0-301F-11D3-BF4B-00C04F79EFBC}") = "TeduShop.Model", "TeduShop.Model\TeduShop.Model.csproj", "{76012FA3-9ADF-441B-8062-1E4FC3E7EA52}"
EndProject
Project("{FAE04EC0-301F-11D3-BF4B-00C04F79EFBC}") = "TeduShop.Service", "TeduShop.Service\TeduShop.Service.csproj", "{11B0AE70-EFBB-445D-9360-B691B58B8B8D}"
EndProject
Project("{FAE04EC0-301F-11D3-BF4B-00C04F79EFBC}") = "TeduShop.UnitTest", "TeduShop.UnitTest\TeduShop.UnitTest.csproj", "{C70FA413-1021-4949-8032-F5ABD44B6EA6}"
EndProject
Project("{FAE04EC0-301F-11D3-BF4B-00C04F79EFBC}") = "TeDuShop.Web", "TeDuShop.Web\TeDuShop.Web.csproj", "{769B01B7-5AD8-47AF-A967-1501324DFC98}"
EndProject
Global
	GlobalSection(SolutionConfigurationPlatforms) = preSolution
		Debug|Any CPU = Debug|Any CPU
		Release|Any CPU = Release|Any CPU
	EndGlobalSection
	GlobalSection(ProjectConfigurationPlatforms) = postSolution
		{F9E350FE-5BC2-4F1D-93EC-33E06E84311C}.Debug|Any CPU.ActiveCfg = Debug|Any CPU
		{F9E350FE-5BC2-4F1D-93EC-33E06E84311C}.Debug|Any CPU.Build.0 = Debug|Any CPU
		{F9E350FE-5BC2-4F1D-93EC-33E06E84311C}.Release|Any CPU.ActiveCfg = Release|Any CPU
		{F9E350FE-5BC2-4F1D-93EC-33E06E84311C}.Release|Any CPU.Build.0 = Release|Any CPU
		{74BF8B00-3581-4431-A204-6DBFBF3BC48C}.Debug|Any CPU.ActiveCfg = Debug|Any CPU
		{74BF8B00-3581-4431-A204-6DBFBF3BC48C}.Debug|Any CPU.Build.0 = Debug|Any CPU
		{74BF8B00-3581-4431-A204-6DBFBF3BC48C}.Release|Any CPU.ActiveCfg = Release|Any CPU
		{74BF8B00-3581-4431-A204-6DBFBF3BC48C}.Release|Any CPU.Build.0 = Release|Any CPU
		{76012FA3-9ADF-441B-8062-1E4FC3E7EA52}.Debug|Any CPU.ActiveCfg = Debug|Any CPU
		{76012FA3-9ADF-441B-8062-1E4FC3E7EA52}.Debug|Any CPU.Build.0 = Debug|Any CPU
		{76012FA3-9ADF-441B-8062-1E4FC3E7EA52}.Release|Any CPU.ActiveCfg = Release|Any CPU
		{76012FA3-9ADF-441B-8062-1E4FC3E7EA52}.Release|Any CPU.Build.0 = Release|Any CPU
		{11B0AE70-EFBB-445D-9360-B691B58B8B8D}.Debug|Any CPU.ActiveCfg = Debug|Any CPU
		{11B0AE70-EFBB-445D-9360-B691B58B8B8D}.Debug|Any CPU.Build.0 = Debug|Any CPU
		{11B0AE70-EFBB-445D-9360-B691B58B8B8D}.Release|Any CPU.ActiveCfg = Release|Any CPU
		{11B0AE70-EFBB-445D-9360-B691B58B8B8D}.Release|Any CPU.Build.0 = Release|Any CPU
		{C70FA413-1021-4949-8032-F5ABD44B6EA6}.Debug|Any CPU.ActiveCfg = Debug|Any CPU
		{C70FA413-1021-4949-8032-F5ABD44B6EA6}.Debug|Any CPU.Build.0 = Debug|Any CPU
		{C70FA413-1021-4949-8032-F5ABD44B6EA6}.Release|Any CPU.ActiveCfg = Release|Any CPU
		{C70FA413-1021-4949-8032-F5ABD44B6EA6}.Release|Any CPU.Build.0 = Release|Any CPU
		{769B01B7-5AD8-47AF-A967-1501324DFC98}.Debug|Any CPU.ActiveCfg = Debug|Any CPU
		{769B01B7-5AD8-47AF-A967-1501324DFC98}.Debug|Any CPU.Build.0 = Debug|Any CPU
		{769B01B7-5AD8-47AF-A967-1501324DFC98}.Release|Any CPU.ActiveCfg = Release|Any CPU
		{769B01B7-5AD8-47AF-A967-1501324DFC98}.Release|Any CPU.Build.0 = Release|Any CPU
	EndGlobalSection
	GlobalSection(SolutionProperties) = preSolution
		HideSolutionNode = FALSE
	EndGlobalSection
	GlobalSection(ExtensibilityGlobals) = postSolution
		SolutionGuid = {C1A57780-B01A-438E-816D-393E4E729CBD}
	EndGlobalSection
EndGlobal
